
Microsoft Visual Studio Solution File, Format Version 12.00
# Visual Studio Version 17
VisualStudioVersion = 17.13.35825.156
MinimumVisualStudioVersion = 10.0.40219.1
Project("{FAE04EC0-301F-11D3-BF4B-00C04F79EFBC}") = "ExpenseMangamentAPI", "ExpenseMangamentAPI\ExpenseMangamentAPI.csproj", "{C4E0A221-5904-47B2-B0A5-DADC0D03B1A2}"
EndProject
Project("{FAE04EC0-301F-11D3-BF4B-00C04F79EFBC}") = "ExpenseManagementWeb", "ExpenseManagementWeb\ExpenseManagementWeb.csproj", "{1A28DEEF-FB90-4145-80C9-D1F3747E4697}"
EndProject
Global
	GlobalSection(SolutionConfigurationPlatforms) = preSolution
		Debug|Any CPU = Debug|Any CPU
		Release|Any CPU = Release|Any CPU
	EndGlobalSection
	GlobalSection(ProjectConfigurationPlatforms) = postSolution
		{C4E0A221-5904-47B2-B0A5-DADC0D03B1A2}.Debug|Any CPU.ActiveCfg = Debug|Any CPU
		{C4E0A221-5904-47B2-B0A5-DADC0D03B1A2}.Debug|Any CPU.Build.0 = Debug|Any CPU
		{C4E0A221-5904-47B2-B0A5-DADC0D03B1A2}.Release|Any CPU.ActiveCfg = Release|Any CPU
		{C4E0A221-5904-47B2-B0A5-DADC0D03B1A2}.Release|Any CPU.Build.0 = Release|Any CPU
		{1A28DEEF-FB90-4145-80C9-D1F3747E4697}.Debug|Any CPU.ActiveCfg = Debug|Any CPU
		{1A28DEEF-FB90-4145-80C9-D1F3747E4697}.Debug|Any CPU.Build.0 = Debug|Any CPU
		{1A28DEEF-FB90-4145-80C9-D1F3747E4697}.Release|Any CPU.ActiveCfg = Release|Any CPU
		{1A28DEEF-FB90-4145-80C9-D1F3747E4697}.Release|Any CPU.Build.0 = Release|Any CPU
	EndGlobalSection
	GlobalSection(SolutionProperties) = preSolution
		HideSolutionNode = FALSE
	EndGlobalSection
	GlobalSection(ExtensibilityGlobals) = postSolution
		SolutionGuid = {1D1F1783-06A3-4B23-9A8C-74DF123E8E64}
	EndGlobalSection
EndGlobal
